Microsoft Visual Studio Solution File, Format Version 12.00
# Visual Studio Version 17
VisualStudioVersion = 17.5.2.0
MinimumVisualStudioVersion = 10.0.40219.1
Project("{FAE04EC0-301F-11D3-BF4B-00C04F79EFBC}") = "paints", "paints.csproj", "{2D72289A-BFC6-1CE6-DDDF-FD70E5915414}"
EndProject
Global
	GlobalSection(SolutionConfigurationPlatforms) = preSolution
		Debug|Any CPU = Debug|Any CPU
		Release|Any CPU = Release|Any CPU
	EndGlobalSection
	GlobalSection(ProjectConfigurationPlatforms) = postSolution
		{2D72289A-BFC6-1CE6-DDDF-FD70E5915414}.Debug|Any CPU.ActiveCfg = Debug|Any CPU
		{2D72289A-BFC6-1CE6-DDDF-FD70E5915414}.Debug|Any CPU.Build.0 = Debug|Any CPU
		{2D72289A-BFC6-1CE6-DDDF-FD70E5915414}.Release|Any CPU.ActiveCfg = Release|Any CPU
		{2D72289A-BFC6-1CE6-DDDF-FD70E5915414}.Release|Any CPU.Build.0 = Release|Any CPU
	EndGlobalSection
	GlobalSection(SolutionProperties) = preSolution
		HideSolutionNode = FALSE
	EndGlobalSection
	GlobalSection(ExtensibilityGlobals) = postSolution
		SolutionGuid = {5E35BF36-B823-49E7-956F-0EFADB4CB46A}
	EndGlobalSection
EndGlobal
